
Microsoft Visual Studio Solution File, Format Version 12.00
# Visual Studio Version 16
VisualStudioVersion = 16.0.30611.23
MinimumVisualStudioVersion = 10.0.40219.1
Project("{FAE04EC0-301F-11D3-BF4B-00C04F79EFBC}") = "TrackerLibrary", "TrackerLibrary\TrackerLibrary.csproj", "{4A78FF61-05DE-4C1A-A8A9-2F7A126B35EE}"
EndProject
Project("{FAE04EC0-301F-11D3-BF4B-00C04F79EFBC}") = "TrackerUI", "TrackerUI\TrackerUI.csproj", "{99A2F0F4-190C-43CF-8B56-8AB250134446}"
EndProject
Global
	GlobalSection(SolutionConfigurationPlatforms) = preSolution
		Debug|Any CPU = Debug|Any CPU
		Release|Any CPU = Release|Any CPU
	EndGlobalSection
	GlobalSection(ProjectConfigurationPlatforms) = postSolution
		{4A78FF61-05DE-4C1A-A8A9-2F7A126B35EE}.Debug|Any CPU.ActiveCfg = Debug|Any CPU
		{4A78FF61-05DE-4C1A-A8A9-2F7A126B35EE}.Debug|Any CPU.Build.0 = Debug|Any CPU
		{4A78FF61-05DE-4C1A-A8A9-2F7A126B35EE}.Release|Any CPU.ActiveCfg = Release|Any CPU
		{4A78FF61-05DE-4C1A-A8A9-2F7A126B35EE}.Release|Any CPU.Build.0 = Release|Any CPU
		{99A2F0F4-190C-43CF-8B56-8AB250134446}.Debug|Any CPU.ActiveCfg = Debug|Any CPU
		{99A2F0F4-190C-43CF-8B56-8AB250134446}.Debug|Any CPU.Build.0 = Debug|Any CPU
		{99A2F0F4-190C-43CF-8B56-8AB250134446}.Release|Any CPU.ActiveCfg = Release|Any CPU
		{99A2F0F4-190C-43CF-8B56-8AB250134446}.Release|Any CPU.Build.0 = Release|Any CPU
	EndGlobalSection
	GlobalSection(SolutionProperties) = preSolution
		HideSolutionNode = FALSE
	EndGlobalSection
	GlobalSection(ExtensibilityGlobals) = postSolution
		SolutionGuid = {673FCE11-0764-4AB7-852A-97C7155BD580}
	EndGlobalSection
EndGlobal
